
Microsoft Visual Studio Solution File, Format Version 12.00
# Visual Studio Version 17
VisualStudioVersion = 17.5.33424.131
MinimumVisualStudioVersion = 10.0.40219.1
Project("{8BC9CEB8-8B4A-11D0-8D11-00A0C91BC942}") = "Ejercicios de Areas y Perimetros", "Ejercicios de Areas y Perimetros\Ejercicios de Areas y Perimetros.vcxproj", "{639A1FDF-315C-4E74-9C67-C7C6CC54A848}"
EndProject
Project("{8BC9CEB8-8B4A-11D0-8D11-00A0C91BC942}") = "Ejercicio 1", "Ejercicio 1\Ejercicio 1.vcxproj", "{BF14770C-C29B-4A3F-BB7A-DD86484EB39A}"
EndProject
Project("{8BC9CEB8-8B4A-11D0-8D11-00A0C91BC942}") = "Ejercicio 2", "Ejercicio 2\Ejercicio 2.vcxproj", "{F54CC477-CE54-4AD3-8302-DF21B7C5C72C}"
EndProject
Project("{8BC9CEB8-8B4A-11D0-8D11-00A0C91BC942}") = "Ejercicio 3", "Ejercicio 3\Ejercicio 3.vcxproj", "{B1F48C45-76F6-4532-B5F3-4EA9590FDCC5}"
EndProject
Project("{8BC9CEB8-8B4A-11D0-8D11-00A0C91BC942}") = "Ejercicio 4{", "Ejercicio 4{\Ejercicio 4{.vcxproj", "{8DCD3A48-8E67-4AAA-B0DA-F80E0FF5F3C3}"
EndProject
Project("{8BC9CEB8-8B4A-11D0-8D11-00A0C91BC942}") = "Ejercicio 4", "Ejercicio 4\Ejercicio 4.vcxproj", "{51DF3E25-5A26-4D2E-B0F7-612BD22CA762}"
EndProject
Project("{8BC9CEB8-8B4A-11D0-8D11-00A0C91BC942}") = "Ejercicio 5", "Ejercicio 5\Ejercicio 5.vcxproj", "{9CC4CCB6-8A4B-4B73-B667-AD379D94672C}"
EndProject
Project("{8BC9CEB8-8B4A-11D0-8D11-00A0C91BC942}") = "Ejercicio 6", "Ejercicio 6\Ejercicio 6.vcxproj", "{067B0C44-672B-4467-AB97-753E4806E674}"
EndProject
Project("{8BC9CEB8-8B4A-11D0-8D11-00A0C91BC942}") = "Ejercicio 7", "Ejercicio 7\Ejercicio 7.vcxproj", "{2C6BB9B9-F0A5-440C-BC0E-0B9C75A5CD3F}"
EndProject
Project("{8BC9CEB8-8B4A-11D0-8D11-00A0C91BC942}") = "Ejercicio 8", "Ejercicio 8\Ejercicio 8.vcxproj", "{B09FF581-D32C-411C-834C-1327C7C28E5A}"
EndProject
Project("{8BC9CEB8-8B4A-11D0-8D11-00A0C91BC942}") = "Ejercicio 9", "Ejercicio 9\Ejercicio 9.vcxproj", "{CE0C7404-DF50-423E-9B4F-9FDB4AAB64D7}"
EndProject
Project("{8BC9CEB8-8B4A-11D0-8D11-00A0C91BC942}") = "Ejercicio 10", "Ejercicio 10\Ejercicio 10.vcxproj", "{046B6F91-2925-4260-AC30-A1560E4CB517}"
EndProject
Project("{8BC9CEB8-8B4A-11D0-8D11-00A0C91BC942}") = "Ejercicio 11", "Ejercicio 11\Ejercicio 11.vcxproj", "{4584121B-8E99-427D-BEF6-7668D482034C}"
EndProject
Project("{8BC9CEB8-8B4A-11D0-8D11-00A0C91BC942}") = "Ejercicio 12", "Ejercicio 12\Ejercicio 12.vcxproj", "{95A9B3FF-2712-4BC0-A5E5-EBBB2818D968}"
EndProject
Project("{8BC9CEB8-8B4A-11D0-8D11-00A0C91BC942}") = "Ejercicio 13", "Ejercicio 13\Ejercicio 13.vcxproj", "{093F2B38-B91F-428C-A297-8E36323F3285}"
EndProject
Project("{8BC9CEB8-8B4A-11D0-8D11-00A0C91BC942}") = "Ejercicio 14", "Ejercicio 14\Ejercicio 14.vcxproj", "{BAC5D024-6FCE-4386-9AC7-8C83E1CE5EC8}"
EndProject
Project("{8BC9CEB8-8B4A-11D0-8D11-00A0C91BC942}") = "Ejercicio 15", "Ejercicio 15\Ejercicio 15.vcxproj", "{786166C8-95EC-4C93-A6F0-0B7B46983E31}"
EndProject
Project("{8BC9CEB8-8B4A-11D0-8D11-00A0C91BC942}") = "Ejercicio 16", "Ejercicio 16\Ejercicio 16.vcxproj", "{7ECAB30A-177C-4B55-8772-5F96150C71D8}"
EndProject
Project("{8BC9CEB8-8B4A-11D0-8D11-00A0C91BC942}") = "Ejercicio 17", "Ejercicio 17\Ejercicio 17.vcxproj", "{5CEC4C6D-C1E8-4DB1-A4B5-DE4317DA4E28}"
EndProject
Project("{8BC9CEB8-8B4A-11D0-8D11-00A0C91BC942}") = "Ejercicio 18", "Ejercicio 18\Ejercicio 18.vcxproj", "{759E3653-5A35-4A0F-9801-A1AA457D64FA}"
EndProject
Project("{8BC9CEB8-8B4A-11D0-8D11-00A0C91BC942}") = "Ejercicio 19", "Ejercicio 19\Ejercicio 19.vcxproj", "{053277A3-0B01-423C-BDDF-068A03BC96AA}"
EndProject
Project("{8BC9CEB8-8B4A-11D0-8D11-00A0C91BC942}") = "Ejercicio 20", "Ejercicio 20\Ejercicio 20.vcxproj", "{E5F93FF6-7754-4A5D-A468-86028758AE12}"
EndProject
Project("{8BC9CEB8-8B4A-11D0-8D11-00A0C91BC942}") = "Ejercicio 21", "Ejercicio 21\Ejercicio 21.vcxproj", "{81BF799B-A670-40D6-A626-E6E5854B1821}"
EndProject
Project("{8BC9CEB8-8B4A-11D0-8D11-00A0C91BC942}") = "Ejercicio 23", "Ejercicio 23\Ejercicio 23.vcxproj", "{85B4DE80-E184-4F99-88C3-515616EBB3B6}"
EndProject
Project("{8BC9CEB8-8B4A-11D0-8D11-00A0C91BC942}") = "Ejercicio 22", "Ejercicio 22\Ejercicio 22.vcxproj", "{90EC8EF4-089D-4FB1-8C67-AF014D75BFC6}"
EndProject
Project("{8BC9CEB8-8B4A-11D0-8D11-00A0C91BC942}") = "Ejercicio 24", "Ejercicio 24\Ejercicio 24.vcxproj", "{7C494118-BA7A-4F85-A77F-12321AF684A2}"
EndProject
Project("{8BC9CEB8-8B4A-11D0-8D11-00A0C91BC942}") = "Ejercicio 25", "Ejercicio 25\Ejercicio 25.vcxproj", "{D67D97C0-8F77-4041-95C3-B4C9634DC521}"
EndProject
Global
	GlobalSection(SolutionConfigurationPlatforms) = preSolution
		Debug|x64 = Debug|x64
		Debug|x86 = Debug|x86
		Release|x64 = Release|x64
		Release|x86 = Release|x86
	EndGlobalSection
	GlobalSection(ProjectConfigurationPlatforms) = postSolution
		{639A1FDF-315C-4E74-9C67-C7C6CC54A848}.Debug|x64.ActiveCfg = Debug|x64
		{639A1FDF-315C-4E74-9C67-C7C6CC54A848}.Debug|x64.Build.0 = Debug|x64
		{639A1FDF-315C-4E74-9C67-C7C6CC54A848}.Debug|x86.ActiveCfg = Debug|Win32
		{639A1FDF-315C-4E74-9C67-C7C6CC54A848}.Debug|x86.Build.0 = Debug|Win32
		{639A1FDF-315C-4E74-9C67-C7C6CC54A848}.Release|x64.ActiveCfg = Release|x64
		{639A1FDF-315C-4E74-9C67-C7C6CC54A848}.Release|x64.Build.0 = Release|x64
		{639A1FDF-315C-4E74-9C67-C7C6CC54A848}.Release|x86.ActiveCfg = Release|Win32
		{639A1FDF-315C-4E74-9C67-C7C6CC54A848}.Release|x86.Build.0 = Release|Win32
		{BF14770C-C29B-4A3F-BB7A-DD86484EB39A}.Debug|x64.ActiveCfg = Debug|x64
		{BF14770C-C29B-4A3F-BB7A-DD86484EB39A}.Debug|x64.Build.0 = Debug|x64
		{BF14770C-C29B-4A3F-BB7A-DD86484EB39A}.Debug|x86.ActiveCfg = Debug|Win32
		{BF14770C-C29B-4A3F-BB7A-DD86484EB39A}.Debug|x86.Build.0 = Debug|Win32
		{BF14770C-C29B-4A3F-BB7A-DD86484EB39A}.Release|x64.ActiveCfg = Release|x64
		{BF14770C-C29B-4A3F-BB7A-DD86484EB39A}.Release|x64.Build.0 = Release|x64
		{BF14770C-C29B-4A3F-BB7A-DD86484EB39A}.Release|x86.ActiveCfg = Release|Win32
		{BF14770C-C29B-4A3F-BB7A-DD86484EB39A}.Release|x86.Build.0 = Release|Win32
		{F54CC477-CE54-4AD3-8302-DF21B7C5C72C}.Debug|x64.ActiveCfg = Debug|x64
		{F54CC477-CE54-4AD3-8302-DF21B7C5C72C}.Debug|x64.Build.0 = Debug|x64
		{F54CC477-CE54-4AD3-8302-DF21B7C5C72C}.Debug|x86.ActiveCfg = Debug|Win32
		{F54CC477-CE54-4AD3-8302-DF21B7C5C72C}.Debug|x86.Build.0 = Debug|Win32
		{F54CC477-CE54-4AD3-8302-DF21B7C5C72C}.Release|x64.ActiveCfg = Release|x64
		{F54CC477-CE54-4AD3-8302-DF21B7C5C72C}.Release|x64.Build.0 = Release|x64
		{F54CC477-CE54-4AD3-8302-DF21B7C5C72C}.Release|x86.ActiveCfg = Release|Win32
		{F54CC477-CE54-4AD3-8302-DF21B7C5C72C}.Release|x86.Build.0 = Release|Win32
		{B1F48C45-76F6-4532-B5F3-4EA9590FDCC5}.Debug|x64.ActiveCfg = Debug|x64
		{B1F48C45-76F6-4532-B5F3-4EA9590FDCC5}.Debug|x64.Build.0 = Debug|x64
		{B1F48C45-76F6-4532-B5F3-4EA9590FDCC5}.Debug|x86.ActiveCfg = Debug|Win32
		{B1F48C45-76F6-4532-B5F3-4EA9590FDCC5}.Debug|x86.Build.0 = Debug|Win32
		{B1F48C45-76F6-4532-B5F3-4EA9590FDCC5}.Release|x64.ActiveCfg = Release|x64
		{B1F48C45-76F6-4532-B5F3-4EA9590FDCC5}.Release|x64.Build.0 = Release|x64
		{B1F48C45-76F6-4532-B5F3-4EA9590FDCC5}.Release|x86.ActiveCfg = Release|Win32
		{B1F48C45-76F6-4532-B5F3-4EA9590FDCC5}.Release|x86.Build.0 = Release|Win32
		{8DCD3A48-8E67-4AAA-B0DA-F80E0FF5F3C3}.Debug|x64.ActiveCfg = Debug|x64
		{8DCD3A48-8E67-4AAA-B0DA-F80E0FF5F3C3}.Debug|x64.Build.0 = Debug|x64
		{8DCD3A48-8E67-4AAA-B0DA-F80E0FF5F3C3}.Debug|x86.ActiveCfg = Debug|Win32
		{8DCD3A48-8E67-4AAA-B0DA-F80E0FF5F3C3}.Debug|x86.Build.0 = Debug|Win32
		{8DCD3A48-8E67-4AAA-B0DA-F80E0FF5F3C3}.Release|x64.ActiveCfg = Release|x64
		{8DCD3A48-8E67-4AAA-B0DA-F80E0FF5F3C3}.Release|x64.Build.0 = Release|x64
		{8DCD3A48-8E67-4AAA-B0DA-F80E0FF5F3C3}.Release|x86.ActiveCfg = Release|Win32
		{8DCD3A48-8E67-4AAA-B0DA-F80E0FF5F3C3}.Release|x86.Build.0 = Release|Win32
		{51DF3E25-5A26-4D2E-B0F7-612BD22CA762}.Debug|x64.ActiveCfg = Debug|x64
		{51DF3E25-5A26-4D2E-B0F7-612BD22CA762}.Debug|x64.Build.0 = Debug|x64
		{51DF3E25-5A26-4D2E-B0F7-612BD22CA762}.Debug|x86.ActiveCfg = Debug|Win32
		{51DF3E25-5A26-4D2E-B0F7-612BD22CA762}.Debug|x86.Build.0 = Debug|Win32
		{51DF3E25-5A26-4D2E-B0F7-612BD22CA762}.Release|x64.ActiveCfg = Release|x64
		{51DF3E25-5A26-4D2E-B0F7-612BD22CA762}.Release|x64.Build.0 = Release|x64
		{51DF3E25-5A26-4D2E-B0F7-612BD22CA762}.Release|x86.ActiveCfg = Release|Win32
		{51DF3E25-5A26-4D2E-B0F7-612BD22CA762}.Release|x86.Build.0 = Release|Win32
		{9CC4CCB6-8A4B-4B73-B667-AD379D94672C}.Debug|x64.ActiveCfg = Debug|x64
		{9CC4CCB6-8A4B-4B73-B667-AD379D94672C}.Debug|x64.Build.0 = Debug|x64
		{9CC4CCB6-8A4B-4B73-B667-AD379D94672C}.Debug|x86.ActiveCfg = Debug|Win32
		{9CC4CCB6-8A4B-4B73-B667-AD379D94672C}.Debug|x86.Build.0 = Debug|Win32
		{9CC4CCB6-8A4B-4B73-B667-AD379D94672C}.Release|x64.ActiveCfg = Release|x64
		{9CC4CCB6-8A4B-4B73-B667-AD379D94672C}.Release|x64.Build.0 = Release|x64
		{9CC4CCB6-8A4B-4B73-B667-AD379D94672C}.Release|x86.ActiveCfg = Release|Win32
		{9CC4CCB6-8A4B-4B73-B667-AD379D94672C}.Release|x86.Build.0 = Release|Win32
		{067B0C44-672B-4467-AB97-753E4806E674}.Debug|x64.ActiveCfg = Debug|x64
		{067B0C44-672B-4467-AB97-753E4806E674}.Debug|x64.Build.0 = Debug|x64
		{067B0C44-672B-4467-AB97-753E4806E674}.Debug|x86.ActiveCfg = Debug|Win32
		{067B0C44-672B-4467-AB97-753E4806E674}.Debug|x86.Build.0 = Debug|Win32
		{067B0C44-672B-4467-AB97-753E4806E674}.Release|x64.ActiveCfg = Release|x64
		{067B0C44-672B-4467-AB97-753E4806E674}.Release|x64.Build.0 = Release|x64
		{067B0C44-672B-4467-AB97-753E4806E674}.Release|x86.ActiveCfg = Release|Win32
		{067B0C44-672B-4467-AB97-753E4806E674}.Release|x86.Build.0 = Release|Win32
		{2C6BB9B9-F0A5-440C-BC0E-0B9C75A5CD3F}.Debug|x64.ActiveCfg = Debug|x64
		{2C6BB9B9-F0A5-440C-BC0E-0B9C75A5CD3F}.Debug|x64.Build.0 = Debug|x64
		{2C6BB9B9-F0A5-440C-BC0E-0B9C75A5CD3F}.Debug|x86.ActiveCfg = Debug|Win32
		{2C6BB9B9-F0A5-440C-BC0E-0B9C75A5CD3F}.Debug|x86.Build.0 = Debug|Win32
		{2C6BB9B9-F0A5-440C-BC0E-0B9C75A5CD3F}.Release|x64.ActiveCfg = Release|x64
		{2C6BB9B9-F0A5-440C-BC0E-0B9C75A5CD3F}.Release|x64.Build.0 = Release|x64
		{2C6BB9B9-F0A5-440C-BC0E-0B9C75A5CD3F}.Release|x86.ActiveCfg = Release|Win32
		{2C6BB9B9-F0A5-440C-BC0E-0B9C75A5CD3F}.Release|x86.Build.0 = Release|Win32
		{B09FF581-D32C-411C-834C-1327C7C28E5A}.Debug|x64.ActiveCfg = Debug|x64
		{B09FF581-D32C-411C-834C-1327C7C28E5A}.Debug|x64.Build.0 = Debug|x64
		{B09FF581-D32C-411C-834C-1327C7C28E5A}.Debug|x86.ActiveCfg = Debug|Win32
		{B09FF581-D32C-411C-834C-1327C7C28E5A}.Debug|x86.Build.0 = Debug|Win32
		{B09FF581-D32C-411C-834C-1327C7C28E5A}.Release|x64.ActiveCfg = Release|x64
		{B09FF581-D32C-411C-834C-1327C7C28E5A}.Release|x64.Build.0 = Release|x64
		{B09FF581-D32C-411C-834C-1327C7C28E5A}.Release|x86.ActiveCfg = Release|Win32
		{B09FF581-D32C-411C-834C-1327C7C28E5A}.Release|x86.Build.0 = Release|Win32
		{CE0C7404-DF50-423E-9B4F-9FDB4AAB64D7}.Debug|x64.ActiveCfg = Debug|x64
		{CE0C7404-DF50-423E-9B4F-9FDB4AAB64D7}.Debug|x64.Build.0 = Debug|x64
		{CE0C7404-DF50-423E-9B4F-9FDB4AAB64D7}.Debug|x86.ActiveCfg = Debug|Win32
		{CE0C7404-DF50-423E-9B4F-9FDB4AAB64D7}.Debug|x86.Build.0 = Debug|Win32
		{CE0C7404-DF50-423E-9B4F-9FDB4AAB64D7}.Release|x64.ActiveCfg = Release|x64
		{CE0C7404-DF50-423E-9B4F-9FDB4AAB64D7}.Release|x64.Build.0 = Release|x64
		{CE0C7404-DF50-423E-9B4F-9FDB4AAB64D7}.Release|x86.ActiveCfg = Release|Win32
		{CE0C7404-DF50-423E-9B4F-9FDB4AAB64D7}.Release|x86.Build.0 = Release|Win32
		{046B6F91-2925-4260-AC30-A1560E4CB517}.Debug|x64.ActiveCfg = Debug|x64
		{046B6F91-2925-4260-AC30-A1560E4CB517}.Debug|x64.Build.0 = Debug|x64
		{046B6F91-2925-4260-AC30-A1560E4CB517}.Debug|x86.ActiveCfg = Debug|Win32
		{046B6F91-2925-4260-AC30-A1560E4CB517}.Debug|x86.Build.0 = Debug|Win32
		{046B6F91-2925-4260-AC30-A1560E4CB517}.Release|x64.ActiveCfg = Release|x64
		{046B6F91-2925-4260-AC30-A1560E4CB517}.Release|x64.Build.0 = Release|x64
		{046B6F91-2925-4260-AC30-A1560E4CB517}.Release|x86.ActiveCfg = Release|Win32
		{046B6F91-2925-4260-AC30-A1560E4CB517}.Release|x86.Build.0 = Release|Win32
		{4584121B-8E99-427D-BEF6-7668D482034C}.Debug|x64.ActiveCfg = Debug|x64
		{4584121B-8E99-427D-BEF6-7668D482034C}.Debug|x64.Build.0 = Debug|x64
		{4584121B-8E99-427D-BEF6-7668D482034C}.Debug|x86.ActiveCfg = Debug|Win32
		{4584121B-8E99-427D-BEF6-7668D482034C}.Debug|x86.Build.0 = Debug|Win32
		{4584121B-8E99-427D-BEF6-7668D482034C}.Release|x64.ActiveCfg = Release|x64
		{4584121B-8E99-427D-BEF6-7668D482034C}.Release|x64.Build.0 = Release|x64
		{4584121B-8E99-427D-BEF6-7668D482034C}.Release|x86.ActiveCfg = Release|Win32
		{4584121B-8E99-427D-BEF6-7668D482034C}.Release|x86.Build.0 = Release|Win32
		{95A9B3FF-2712-4BC0-A5E5-EBBB2818D968}.Debug|x64.ActiveCfg = Debug|x64
		{95A9B3FF-2712-4BC0-A5E5-EBBB2818D968}.Debug|x64.Build.0 = Debug|x64
		{95A9B3FF-2712-4BC0-A5E5-EBBB2818D968}.Debug|x86.ActiveCfg = Debug|Win32
		{95A9B3FF-2712-4BC0-A5E5-EBBB2818D968}.Debug|x86.Build.0 = Debug|Win32
		{95A9B3FF-2712-4BC0-A5E5-EBBB2818D968}.Release|x64.ActiveCfg = Release|x64
		{95A9B3FF-2712-4BC0-A5E5-EBBB2818D968}.Release|x64.Build.0 = Release|x64
		{95A9B3FF-2712-4BC0-A5E5-EBBB2818D968}.Release|x86.ActiveCfg = Release|Win32
		{95A9B3FF-2712-4BC0-A5E5-EBBB2818D968}.Release|x86.Build.0 = Release|Win32
		{093F2B38-B91F-428C-A297-8E36323F3285}.Debug|x64.ActiveCfg = Debug|x64
		{093F2B38-B91F-428C-A297-8E36323F3285}.Debug|x64.Build.0 = Debug|x64
		{093F2B38-B91F-428C-A297-8E36323F3285}.Debug|x86.ActiveCfg = Debug|Win32
		{093F2B38-B91F-428C-A297-8E36323F3285}.Debug|x86.Build.0 = Debug|Win32
		{093F2B38-B91F-428C-A297-8E36323F3285}.Release|x64.ActiveCfg = Release|x64
		{093F2B38-B91F-428C-A297-8E36323F3285}.Release|x64.Build.0 = Release|x64
		{093F2B38-B91F-428C-A297-8E36323F3285}.Release|x86.ActiveCfg = Release|Win32
		{093F2B38-B91F-428C-A297-8E36323F3285}.Release|x86.Build.0 = Release|Win32
		{BAC5D024-6FCE-4386-9AC7-8C83E1CE5EC8}.Debug|x64.ActiveCfg = Debug|x64
		{BAC5D024-6FCE-4386-9AC7-8C83E1CE5EC8}.Debug|x64.Build.0 = Debug|x64
		{BAC5D024-6FCE-4386-9AC7-8C83E1CE5EC8}.Debug|x86.ActiveCfg = Debug|Win32
		{BAC5D024-6FCE-4386-9AC7-8C83E1CE5EC8}.Debug|x86.Build.0 = Debug|Win32
		{BAC5D024-6FCE-4386-9AC7-8C83E1CE5EC8}.Release|x64.ActiveCfg = Release|x64
		{BAC5D024-6FCE-4386-9AC7-8C83E1CE5EC8}.Release|x64.Build.0 = Release|x64
		{BAC5D024-6FCE-4386-9AC7-8C83E1CE5EC8}.Release|x86.ActiveCfg = Release|Win32
		{BAC5D024-6FCE-4386-9AC7-8C83E1CE5EC8}.Release|x86.Build.0 = Release|Win32
		{786166C8-95EC-4C93-A6F0-0B7B46983E31}.Debug|x64.ActiveCfg = Debug|x64
		{786166C8-95EC-4C93-A6F0-0B7B46983E31}.Debug|x64.Build.0 = Debug|x64
		{786166C8-95EC-4C93-A6F0-0B7B46983E31}.Debug|x86.ActiveCfg = Debug|Win32
		{786166C8-95EC-4C93-A6F0-0B7B46983E31}.Debug|x86.Build.0 = Debug|Win32
		{786166C8-95EC-4C93-A6F0-0B7B46983E31}.Release|x64.ActiveCfg = Release|x64
		{786166C8-95EC-4C93-A6F0-0B7B46983E31}.Release|x64.Build.0 = Release|x64
		{786166C8-95EC-4C93-A6F0-0B7B46983E31}.Release|x86.ActiveCfg = Release|Win32
		{786166C8-95EC-4C93-A6F0-0B7B46983E31}.Release|x86.Build.0 = Release|Win32
		{7ECAB30A-177C-4B55-8772-5F96150C71D8}.Debug|x64.ActiveCfg = Debug|x64
		{7ECAB30A-177C-4B55-8772-5F96150C71D8}.Debug|x64.Build.0 = Debug|x64
		{7ECAB30A-177C-4B55-8772-5F96150C71D8}.Debug|x86.ActiveCfg = Debug|Win32
		{7ECAB30A-177C-4B55-8772-5F96150C71D8}.Debug|x86.Build.0 = Debug|Win32
		{7ECAB30A-177C-4B55-8772-5F96150C71D8}.Release|x64.ActiveCfg = Release|x64
		{7ECAB30A-177C-4B55-8772-5F96150C71D8}.Release|x64.Build.0 = Release|x64
		{7ECAB30A-177C-4B55-8772-5F96150C71D8}.Release|x86.ActiveCfg = Release|Win32
		{7ECAB30A-177C-4B55-8772-5F96150C71D8}.Release|x86.Build.0 = Release|Win32
		{5CEC4C6D-C1E8-4DB1-A4B5-DE4317DA4E28}.Debug|x64.ActiveCfg = Debug|x64
		{5CEC4C6D-C1E8-4DB1-A4B5-DE4317DA4E28}.Debug|x64.Build.0 = Debug|x64
		{5CEC4C6D-C1E8-4DB1-A4B5-DE4317DA4E28}.Debug|x86.ActiveCfg = Debug|Win32
		{5CEC4C6D-C1E8-4DB1-A4B5-DE4317DA4E28}.Debug|x86.Build.0 = Debug|Win32
		{5CEC4C6D-C1E8-4DB1-A4B5-DE4317DA4E28}.Release|x64.ActiveCfg = Release|x64
		{5CEC4C6D-C1E8-4DB1-A4B5-DE4317DA4E28}.Release|x64.Build.0 = Release|x64
		{5CEC4C6D-C1E8-4DB1-A4B5-DE4317DA4E28}.Release|x86.ActiveCfg = Release|Win32
		{5CEC4C6D-C1E8-4DB1-A4B5-DE4317DA4E28}.Release|x86.Build.0 = Release|Win32
		{759E3653-5A35-4A0F-9801-A1AA457D64FA}.Debug|x64.ActiveCfg = Debug|x64
		{759E3653-5A35-4A0F-9801-A1AA457D64FA}.Debug|x64.Build.0 = Debug|x64
		{759E3653-5A35-4A0F-9801-A1AA457D64FA}.Debug|x86.ActiveCfg = Debug|Win32
		{759E3653-5A35-4A0F-9801-A1AA457D64FA}.Debug|x86.Build.0 = Debug|Win32
		{759E3653-5A35-4A0F-9801-A1AA457D64FA}.Release|x64.ActiveCfg = Release|x64
		{759E3653-5A35-4A0F-9801-A1AA457D64FA}.Release|x64.Build.0 = Release|x64
		{759E3653-5A35-4A0F-9801-A1AA457D64FA}.Release|x86.ActiveCfg = Release|Win32
		{759E3653-5A35-4A0F-9801-A1AA457D64FA}.Release|x86.Build.0 = Release|Win32
		{053277A3-0B01-423C-BDDF-068A03BC96AA}.Debug|x64.ActiveCfg = Debug|x64
		{053277A3-0B01-423C-BDDF-068A03BC96AA}.Debug|x64.Build.0 = Debug|x64
		{053277A3-0B01-423C-BDDF-068A03BC96AA}.Debug|x86.ActiveCfg = Debug|Win32
		{053277A3-0B01-423C-BDDF-068A03BC96AA}.Debug|x86.Build.0 = Debug|Win32
		{053277A3-0B01-423C-BDDF-068A03BC96AA}.Release|x64.ActiveCfg = Release|x64
		{053277A3-0B01-423C-BDDF-068A03BC96AA}.Release|x64.Build.0 = Release|x64
		{053277A3-0B01-423C-BDDF-068A03BC96AA}.Release|x86.ActiveCfg = Release|Win32
		{053277A3-0B01-423C-BDDF-068A03BC96AA}.Release|x86.Build.0 = Release|Win32
		{E5F93FF6-7754-4A5D-A468-86028758AE12}.Debug|x64.ActiveCfg = Debug|x64
		{E5F93FF6-7754-4A5D-A468-86028758AE12}.Debug|x64.Build.0 = Debug|x64
		{E5F93FF6-7754-4A5D-A468-86028758AE12}.Debug|x86.ActiveCfg = Debug|Win32
		{E5F93FF6-7754-4A5D-A468-86028758AE12}.Debug|x86.Build.0 = Debug|Win32
		{E5F93FF6-7754-4A5D-A468-86028758AE12}.Release|x64.ActiveCfg = Release|x64
		{E5F93FF6-7754-4A5D-A468-86028758AE12}.Release|x64.Build.0 = Release|x64
		{E5F93FF6-7754-4A5D-A468-86028758AE12}.Release|x86.ActiveCfg = Release|Win32
		{E5F93FF6-7754-4A5D-A468-86028758AE12}.Release|x86.Build.0 = Release|Win32
		{81BF799B-A670-40D6-A626-E6E5854B1821}.Debug|x64.ActiveCfg = Debug|x64
		{81BF799B-A670-40D6-A626-E6E5854B1821}.Debug|x64.Build.0 = Debug|x64
		{81BF799B-A670-40D6-A626-E6E5854B1821}.Debug|x86.ActiveCfg = Debug|Win32
		{81BF799B-A670-40D6-A626-E6E5854B1821}.Debug|x86.Build.0 = Debug|Win32
		{81BF799B-A670-40D6-A626-E6E5854B1821}.Release|x64.ActiveCfg = Release|x64
		{81BF799B-A670-40D6-A626-E6E5854B1821}.Release|x64.Build.0 = Release|x64
		{81BF799B-A670-40D6-A626-E6E5854B1821}.Release|x86.ActiveCfg = Release|Win32
		{81BF799B-A670-40D6-A626-E6E5854B1821}.Release|x86.Build.0 = Release|Win32
		{85B4DE80-E184-4F99-88C3-515616EBB3B6}.Debug|x64.ActiveCfg = Debug|x64
		{85B4DE80-E184-4F99-88C3-515616EBB3B6}.Debug|x64.Build.0 = Debug|x64
		{85B4DE80-E184-4F99-88C3-515616EBB3B6}.Debug|x86.ActiveCfg = Debug|Win32
		{85B4DE80-E184-4F99-88C3-515616EBB3B6}.Debug|x86.Build.0 = Debug|Win32
		{85B4DE80-E184-4F99-88C3-515616EBB3B6}.Release|x64.ActiveCfg = Release|x64
		{85B4DE80-E184-4F99-88C3-515616EBB3B6}.Release|x64.Build.0 = Release|x64
		{85B4DE80-E184-4F99-88C3-515616EBB3B6}.Release|x86.ActiveCfg = Release|Win32
		{85B4DE80-E184-4F99-88C3-515616EBB3B6}.Release|x86.Build.0 = Release|Win32
		{90EC8EF4-089D-4FB1-8C67-AF014D75BFC6}.Debug|x64.ActiveCfg = Debug|x64
		{90EC8EF4-089D-4FB1-8C67-AF014D75BFC6}.Debug|x64.Build.0 = Debug|x64
		{90EC8EF4-089D-4FB1-8C67-AF014D75BFC6}.Debug|x86.ActiveCfg = Debug|Win32
		{90EC8EF4-089D-4FB1-8C67-AF014D75BFC6}.Debug|x86.Build.0 = Debug|Win32
		{90EC8EF4-089D-4FB1-8C67-AF014D75BFC6}.Release|x64.ActiveCfg = Release|x64
		{90EC8EF4-089D-4FB1-8C67-AF014D75BFC6}.Release|x64.Build.0 = Release|x64
		{90EC8EF4-089D-4FB1-8C67-AF014D75BFC6}.Release|x86.ActiveCfg = Release|Win32
		{90EC8EF4-089D-4FB1-8C67-AF014D75BFC6}.Release|x86.Build.0 = Release|Win32
		{7C494118-BA7A-4F85-A77F-12321AF684A2}.Debug|x64.ActiveCfg = Debug|x64
		{7C494118-BA7A-4F85-A77F-12321AF684A2}.Debug|x64.Build.0 = Debug|x64
		{7C494118-BA7A-4F85-A77F-12321AF684A2}.Debug|x86.ActiveCfg = Debug|Win32
		{7C494118-BA7A-4F85-A77F-12321AF684A2}.Debug|x86.Build.0 = Debug|Win32
		{7C494118-BA7A-4F85-A77F-12321AF684A2}.Release|x64.ActiveCfg = Release|x64
		{7C494118-BA7A-4F85-A77F-12321AF684A2}.Release|x64.Build.0 = Release|x64
		{7C494118-BA7A-4F85-A77F-12321AF684A2}.Release|x86.ActiveCfg = Release|Win32
		{7C494118-BA7A-4F85-A77F-12321AF684A2}.Release|x86.Build.0 = Release|Win32
		{D67D97C0-8F77-4041-95C3-B4C9634DC521}.Debug|x64.ActiveCfg = Debug|x64
		{D67D97C0-8F77-4041-95C3-B4C9634DC521}.Debug|x64.Build.0 = Debug|x64
		{D67D97C0-8F77-4041-95C3-B4C9634DC521}.Debug|x86.ActiveCfg = Debug|Win32
		{D67D97C0-8F77-4041-95C3-B4C9634DC521}.Debug|x86.Build.0 = Debug|Win32
		{D67D97C0-8F77-4041-95C3-B4C9634DC521}.Release|x64.ActiveCfg = Release|x64
		{D67D97C0-8F77-4041-95C3-B4C9634DC521}.Release|x64.Build.0 = Release|x64
		{D67D97C0-8F77-4041-95C3-B4C9634DC521}.Release|x86.ActiveCfg = Release|Win32
		{D67D97C0-8F77-4041-95C3-B4C9634DC521}.Release|x86.Build.0 = Release|Win32
	EndGlobalSection
	GlobalSection(SolutionProperties) = preSolution
		HideSolutionNode = FALSE
	EndGlobalSection
	GlobalSection(ExtensibilityGlobals) = postSolution
		SolutionGuid = {162AAB99-C516-448A-BC39-1A457B83FBB9}
	EndGlobalSection
EndGlobal
